dependencies:
- name: redis
  repository: https://charts.bitnami.com/bitnami
  version: 18.19.4
- name: postgresql
  repository: https://charts.bitnami.com/bitnami
  version: 13.4.4
digest: sha256:4d4f40afd3b5b687605a82d6f30a6c452d4869adcd349790ed360cd7feff36b9
generated: "2025-11-11T07:00:14.187632-05:00"
